
Microsoft Visual Studio Solution File, Format Version 12.00
# Visual Studio Version 17
VisualStudioVersion = 17.1.32421.90
MinimumVisualStudioVersion = 10.0.40219.1
Project("{E24C65DC-7377-472B-9ABA-BC803B73C61A}") = "cakeshopinventorysystem", "D:\cakeshopinventorysystem\", "{1DFC3C6C-A4BD-41D3-BDE0-2A427562B90D}"
	ProjectSection(WebsiteProperties) = preProject
		TargetFrameworkMoniker = ".NETFramework,Version%3Dv2.0"
		Debug.AspNetCompiler.VirtualPath = "/localhost_50069"
		Debug.AspNetCompiler.PhysicalPath = "..\cakeshopinventorysystem\"
		Debug.AspNetCompiler.TargetPath = "PrecompiledWeb\localhost_50069\"
		Debug.AspNetCompiler.Updateable = "true"
		Debug.AspNetCompiler.ForceOverwrite = "true"
		Debug.AspNetCompiler.FixedNames = "false"
		Debug.AspNetCompiler.Debug = "True"
		Release.AspNetCompiler.VirtualPath = "/localhost_50069"
		Release.AspNetCompiler.PhysicalPath = "..\cakeshopinventorysystem\"
		Release.AspNetCompiler.TargetPath = "PrecompiledWeb\localhost_50069\"
		Release.AspNetCompiler.Updateable = "true"
		Release.AspNetCompiler.ForceOverwrite = "true"
		Release.AspNetCompiler.FixedNames = "false"
		Release.AspNetCompiler.Debug = "False"
		VWDPort = "50069"
		SlnRelativePath = "..\cakeshopinventorysystem\"
	EndProjectSection
EndProject
Global
	GlobalSection(SolutionConfigurationPlatforms) = preSolution
		Debug|Any CPU = Debug|Any CPU
	EndGlobalSection
	GlobalSection(ProjectConfigurationPlatforms) = postSolution
		{1DFC3C6C-A4BD-41D3-BDE0-2A427562B90D}.Debug|Any CPU.ActiveCfg = Debug|Any CPU
		{1DFC3C6C-A4BD-41D3-BDE0-2A427562B90D}.Debug|Any CPU.Build.0 = Debug|Any CPU
	EndGlobalSection
	GlobalSection(SolutionProperties) = preSolution
		HideSolutionNode = FALSE
	EndGlobalSection
	GlobalSection(ExtensibilityGlobals) = postSolution
		SolutionGuid = {C9F995A6-8B2E-4DF3-8840-33E2A686E655}
	EndGlobalSection
EndGlobal
